
Microsoft Visual Studio Solution File, Format Version 12.00
# Visual Studio Version 17
VisualStudioVersion = 17.5.33530.505
MinimumVisualStudioVersion = 10.0.40219.1
Project("{FAE04EC0-301F-11D3-BF4B-00C04F79EFBC}") = "SWPEditorBase", "SWPEditorBase\SWPEditorBase.csproj", "{83A21222-4BE1-4227-8FCA-C3977951DA1D}"
EndProject
Project("{FAE04EC0-301F-11D3-BF4B-00C04F79EFBC}") = "SWPEditorControl", "SWPEditorControl\SWPEditorControl.csproj", "{5C8F97E2-06CA-49F5-AF34-4B69ECF6C6C5}"
EndProject
Project("{FAE04EC0-301F-11D3-BF4B-00C04F79EFBC}") = "SWPEditor", "SWPEditor\SWPEditor.csproj", "{6B29DC50-B079-4D45-8BDA-967146F5A2D2}"
EndProject
Project("{FAE04EC0-301F-11D3-BF4B-00C04F79EFBC}") = "SWPEditorWPF", "SWPEditorWPF\SWPEditorWPF.csproj", "{F5430670-ADC9-4320-A690-501306F0F2EB}"
EndProject
Project("{FAE04EC0-301F-11D3-BF4B-00C04F79EFBC}") = "SWPEditorTests", "SWPEditorTests\SWPEditorTests.csproj", "{361D5F99-E84C-4071-8604-6BFAEC4CC9C1}"
EndProject
Global
	GlobalSection(SolutionConfigurationPlatforms) = preSolution
		Debug|Any CPU = Debug|Any CPU
		Debug|x64 = Debug|x64
		Debug|x86 = Debug|x86
		Release|Any CPU = Release|Any CPU
		Release|x64 = Release|x64
		Release|x86 = Release|x86
	EndGlobalSection
	GlobalSection(ProjectConfigurationPlatforms) = postSolution
		{83A21222-4BE1-4227-8FCA-C3977951DA1D}.Debug|Any CPU.ActiveCfg = Debug|Any CPU
		{83A21222-4BE1-4227-8FCA-C3977951DA1D}.Debug|Any CPU.Build.0 = Debug|Any CPU
		{83A21222-4BE1-4227-8FCA-C3977951DA1D}.Debug|x64.ActiveCfg = Debug|Any CPU
		{83A21222-4BE1-4227-8FCA-C3977951DA1D}.Debug|x86.ActiveCfg = Debug|Any CPU
		{83A21222-4BE1-4227-8FCA-C3977951DA1D}.Debug|x86.Build.0 = Debug|Any CPU
		{83A21222-4BE1-4227-8FCA-C3977951DA1D}.Release|Any CPU.ActiveCfg = Release|Any CPU
		{83A21222-4BE1-4227-8FCA-C3977951DA1D}.Release|Any CPU.Build.0 = Release|Any CPU
		{83A21222-4BE1-4227-8FCA-C3977951DA1D}.Release|x64.ActiveCfg = Release|x86
		{83A21222-4BE1-4227-8FCA-C3977951DA1D}.Release|x86.ActiveCfg = Release|Any CPU
		{83A21222-4BE1-4227-8FCA-C3977951DA1D}.Release|x86.Build.0 = Release|Any CPU
		{5C8F97E2-06CA-49F5-AF34-4B69ECF6C6C5}.Debug|Any CPU.ActiveCfg = Debug|Any CPU
		{5C8F97E2-06CA-49F5-AF34-4B69ECF6C6C5}.Debug|Any CPU.Build.0 = Debug|Any CPU
		{5C8F97E2-06CA-49F5-AF34-4B69ECF6C6C5}.Debug|x64.ActiveCfg = Debug|Any CPU
		{5C8F97E2-06CA-49F5-AF34-4B69ECF6C6C5}.Debug|x86.ActiveCfg = Debug|Any CPU
		{5C8F97E2-06CA-49F5-AF34-4B69ECF6C6C5}.Release|Any CPU.ActiveCfg = Release|Any CPU
		{5C8F97E2-06CA-49F5-AF34-4B69ECF6C6C5}.Release|Any CPU.Build.0 = Release|Any CPU
		{5C8F97E2-06CA-49F5-AF34-4B69ECF6C6C5}.Release|x64.ActiveCfg = Release|Any CPU
		{5C8F97E2-06CA-49F5-AF34-4B69ECF6C6C5}.Release|x86.ActiveCfg = Release|Any CPU
		{6B29DC50-B079-4D45-8BDA-967146F5A2D2}.Debug|Any CPU.ActiveCfg = Debug|Any CPU
		{6B29DC50-B079-4D45-8BDA-967146F5A2D2}.Debug|Any CPU.Build.0 = Debug|Any CPU
		{6B29DC50-B079-4D45-8BDA-967146F5A2D2}.Debug|x64.ActiveCfg = Debug|Any CPU
		{6B29DC50-B079-4D45-8BDA-967146F5A2D2}.Debug|x64.Build.0 = Debug|Any CPU
		{6B29DC50-B079-4D45-8BDA-967146F5A2D2}.Debug|x86.ActiveCfg = Debug|Any CPU
		{6B29DC50-B079-4D45-8BDA-967146F5A2D2}.Release|Any CPU.ActiveCfg = Release|Any CPU
		{6B29DC50-B079-4D45-8BDA-967146F5A2D2}.Release|Any CPU.Build.0 = Release|Any CPU
		{6B29DC50-B079-4D45-8BDA-967146F5A2D2}.Release|x64.ActiveCfg = Release|Any CPU
		{6B29DC50-B079-4D45-8BDA-967146F5A2D2}.Release|x86.ActiveCfg = Release|Any CPU
		{F5430670-ADC9-4320-A690-501306F0F2EB}.Debug|Any CPU.ActiveCfg = Debug|Any CPU
		{F5430670-ADC9-4320-A690-501306F0F2EB}.Debug|Any CPU.Build.0 = Debug|Any CPU
		{F5430670-ADC9-4320-A690-501306F0F2EB}.Debug|x64.ActiveCfg = Debug|Any CPU
		{F5430670-ADC9-4320-A690-501306F0F2EB}.Debug|x86.ActiveCfg = Debug|Any CPU
		{F5430670-ADC9-4320-A690-501306F0F2EB}.Release|Any CPU.ActiveCfg = Release|Any CPU
		{F5430670-ADC9-4320-A690-501306F0F2EB}.Release|Any CPU.Build.0 = Release|Any CPU
		{F5430670-ADC9-4320-A690-501306F0F2EB}.Release|x64.ActiveCfg = Release|Any CPU
		{F5430670-ADC9-4320-A690-501306F0F2EB}.Release|x86.ActiveCfg = Release|Any CPU
		{361D5F99-E84C-4071-8604-6BFAEC4CC9C1}.Debug|Any CPU.ActiveCfg = Debug|Any CPU
		{361D5F99-E84C-4071-8604-6BFAEC4CC9C1}.Debug|Any CPU.Build.0 = Debug|Any CPU
		{361D5F99-E84C-4071-8604-6BFAEC4CC9C1}.Debug|x64.ActiveCfg = Debug|Any CPU
		{361D5F99-E84C-4071-8604-6BFAEC4CC9C1}.Debug|x86.ActiveCfg = Debug|Any CPU
		{361D5F99-E84C-4071-8604-6BFAEC4CC9C1}.Release|Any CPU.ActiveCfg = Release|Any CPU
		{361D5F99-E84C-4071-8604-6BFAEC4CC9C1}.Release|Any CPU.Build.0 = Release|Any CPU
		{361D5F99-E84C-4071-8604-6BFAEC4CC9C1}.Release|x64.ActiveCfg = Release|Any CPU
		{361D5F99-E84C-4071-8604-6BFAEC4CC9C1}.Release|x86.ActiveCfg = Release|Any CPU
	EndGlobalSection
	GlobalSection(SolutionProperties) = preSolution
		HideSolutionNode = FALSE
	EndGlobalSection
	GlobalSection(ExtensibilityGlobals) = postSolution
		SolutionGuid = {A295C39C-B609-4646-B1DA-7E11099B8444}
	EndGlobalSection
	GlobalSection(SubversionScc) = preSolution
		Svn-Managed = True
		Manager = AnkhSVN - Subversion Support for Visual Studio
	EndGlobalSection
EndGlobal
